PODS:
  - AppsFlyerFramework (5.2.0)
  - tealium-swift/Core (1.9.3)
  - tealium-swift/TealiumAppData (1.9.3):
    - tealium-swift/Core
  - tealium-swift/TealiumDelegate (1.9.3):
    - tealium-swift/Core
  - tealium-swift/TealiumDeviceData (1.9.3):
    - tealium-swift/Core
  - tealium-swift/TealiumLifecycle (1.9.3):
    - tealium-swift/Core
  - tealium-swift/TealiumLogger (1.9.3):
    - tealium-swift/Core
  - tealium-swift/TealiumRemoteCommands (1.9.3):
    - tealium-swift/Core
  - tealium-swift/TealiumTagManagement (1.9.3):
    - tealium-swift/Core
  - TealiumAppsFlyer (0.0.1):
    - AppsFlyerFramework (~> 5.1)
    - tealium-swift/Core (~> 1.9)
    - tealium-swift/TealiumDelegate (~> 1.9)
    - tealium-swift/TealiumRemoteCommands (~> 1.9)
    - tealium-swift/TealiumTagManagement (~> 1.9)

DEPENDENCIES:
  - tealium-swift/TealiumAppData (~> 1.9)
  - tealium-swift/TealiumDeviceData (~> 1.9)
  - tealium-swift/TealiumLifecycle (~> 1.9)
  - tealium-swift/TealiumLogger (~> 1.9)
  - tealium-swift/TealiumTagManagement (~> 1.9)
  - TealiumAppsFlyer (~> 0.0.1)

SPEC REPOS:
  trunk:
    - AppsFlyerFramework
    - tealium-swift
    - TealiumAppsFlyer

SPEC CHECKSUMS:
  AppsFlyerFramework: 9b2a932d826a278413dab7d59ffbe104a972132b
  tealium-swift: 8735caa69eeb0e7d834c290a6557c69c5f3667ee
  TealiumAppsFlyer: 8d03781081d48fc15d12b45a4b5fd8e7c05b478d

PODFILE CHECKSUM: ab3ef4cfc81a9dfb87cbe0c4502993dcff1a9649

COCOAPODS: 1.9.1
